
Microsoft Visual Studio Solution File, Format Version 12.00
# Visual Studio Version 16
VisualStudioVersion = 16.0.31613.86
MinimumVisualStudioVersion = 10.0.40219.1
Project("{FAE04EC0-301F-11D3-BF4B-00C04F79EFBC}") = "Calculate Square Root", "Calculate Square Root\Calculate Square Root.csproj", "{3DBE16EF-F878-4E4D-901E-A235A3E59870}"
EndProject
Global
	GlobalSection(SolutionConfigurationPlatforms) = preSolution
		Debug|Any CPU = Debug|Any CPU
		Release|Any CPU = Release|Any CPU
	EndGlobalSection
	GlobalSection(ProjectConfigurationPlatforms) = postSolution
		{3DBE16EF-F878-4E4D-901E-A235A3E59870}.Debug|Any CPU.ActiveCfg = Debug|Any CPU
		{3DBE16EF-F878-4E4D-901E-A235A3E59870}.Debug|Any CPU.Build.0 = Debug|Any CPU
		{3DBE16EF-F878-4E4D-901E-A235A3E59870}.Release|Any CPU.ActiveCfg = Release|Any CPU
		{3DBE16EF-F878-4E4D-901E-A235A3E59870}.Release|Any CPU.Build.0 = Release|Any CPU
	EndGlobalSection
	GlobalSection(SolutionProperties) = preSolution
		HideSolutionNode = FALSE
	EndGlobalSection
	GlobalSection(ExtensibilityGlobals) = postSolution
		SolutionGuid = {8A3BDF32-9346-4D2B-8DD7-766B778F5DFD}
	EndGlobalSection
EndGlobal
